
Microsoft Visual Studio Solution File, Format Version 12.00
# Visual Studio 2012
Project("{FAE04EC0-301F-11D3-BF4B-00C04F79EFBC}") = "ThunderMain.GedComReader", "src\ThunderMain.GedComReader.csproj", "{972BC067-E4FE-4471-BD97-F239A3C0C165}"
EndProject
Project("{FAE04EC0-301F-11D3-BF4B-00C04F79EFBC}") = "ThunderMain.GedComReader.Test", "test\ThunderMain.GedComReader.Test.csproj", "{4BC8D056-9645-43E5-9B35-6CE5CC501763}"
EndProject
Project("{2150E333-8FDC-42A3-9474-1A3956D46DE8}") = "Solution Items", "Solution Items", "{DACCD2A6-C6F9-4F5A-9786-0890348C3F20}"
	ProjectSection(SolutionItems) = preProject
		LICENSE = LICENSE
		README.md = README.md
	EndProjectSection
EndProject
Global
	GlobalSection(SolutionConfigurationPlatforms) = preSolution
		Debug|Any CPU = Debug|Any CPU
		Release|Any CPU = Release|Any CPU
	EndGlobalSection
	GlobalSection(ProjectConfigurationPlatforms) = postSolution
		{972BC067-E4FE-4471-BD97-F239A3C0C165}.Debug|Any CPU.ActiveCfg = Debug|Any CPU
		{972BC067-E4FE-4471-BD97-F239A3C0C165}.Debug|Any CPU.Build.0 = Debug|Any CPU
		{972BC067-E4FE-4471-BD97-F239A3C0C165}.Release|Any CPU.ActiveCfg = Release|Any CPU
		{972BC067-E4FE-4471-BD97-F239A3C0C165}.Release|Any CPU.Build.0 = Release|Any CPU
		{4BC8D056-9645-43E5-9B35-6CE5CC501763}.Debug|Any CPU.ActiveCfg = Debug|Any CPU
		{4BC8D056-9645-43E5-9B35-6CE5CC501763}.Debug|Any CPU.Build.0 = Debug|Any CPU
		{4BC8D056-9645-43E5-9B35-6CE5CC501763}.Release|Any CPU.ActiveCfg = Release|Any CPU
		{4BC8D056-9645-43E5-9B35-6CE5CC501763}.Release|Any CPU.Build.0 = Release|Any CPU
	EndGlobalSection
	GlobalSection(SolutionProperties) = preSolution
		HideSolutionNode = FALSE
	EndGlobalSection
EndGlobal
